{
  "version": 1,
  "dependencies": {
    "net7.0-windows7.0": {
      "DalamudPackager": {
        "type": "Direct",
        "requested": "[2.1.12, )",
        "resolved": "2.1.12",
        "contentHash": "Sc0PVxvgg4NQjcI8n10/VfUQBAS4O+Fw2pZrAqBdRMbthYGeogzu5+xmIGCGmsEZ/ukMOBuAqiNiB5qA3MRalg=="
      },
      "Lumina": {
        "type": "Transitive",
        "resolved": "3.10.2",
        "contentHash": "2bm0s8yh9JsBrK93Pxaq66RkaQdQI5RGVz2c4IFJaRBH3OhueP50O9k0FA4+Z3m7Z+uHMM3Tz6b8qysK9LWvVw=="
      },
      "Lumina.Excel": {
        "type": "Transitive",
        "resolved": "6.4.0",
        "contentHash": "BzkxwTFZC8449GS1dIiK9m+WLsPLykCSfW4nzj2Bx2lpTbBrXk2jUdlQG+iAbHWemfOB/lVWsr8vnspEoFPdEw==",
        "dependencies": {
          "Lumina": "3.10.0"
        }
      },
      "distantseas.common": {
        "type": "Project"
      },
      "distantseas.spreadsheetspaghetti": {
        "type": "Project",
        "dependencies": {
          "DistantSeas.Common": "[1.0.0, )",
          "Lumina": "[3.10.2, )",
          "Lumina.Excel": "[6.4.0, )"
        }
      }
    }
  }
}